
Microsoft Visual Studio Solution File, Format Version 12.00
# Visual Studio Version 17
VisualStudioVersion = 17.3.32929.385
MinimumVisualStudioVersion = 10.0.40219.1
Project("{FAE04EC0-301F-11D3-BF4B-00C04F79EFBC}") = "Folk_CourseProject_Part2", "Folk_CourseProject_Part2.csproj", "{4351C79D-9DB2-4088-B33E-089DDD79C5EB}"
EndProject
Global
	GlobalSection(SolutionConfigurationPlatforms) = preSolution
		Debug|Any CPU = Debug|Any CPU
		Release|Any CPU = Release|Any CPU
	EndGlobalSection
	GlobalSection(ProjectConfigurationPlatforms) = postSolution
		{4351C79D-9DB2-4088-B33E-089DDD79C5EB}.Debug|Any CPU.ActiveCfg = Debug|Any CPU
		{4351C79D-9DB2-4088-B33E-089DDD79C5EB}.Debug|Any CPU.Build.0 = Debug|Any CPU
		{4351C79D-9DB2-4088-B33E-089DDD79C5EB}.Release|Any CPU.ActiveCfg = Release|Any CPU
		{4351C79D-9DB2-4088-B33E-089DDD79C5EB}.Release|Any CPU.Build.0 = Release|Any CPU
	EndGlobalSection
	GlobalSection(SolutionProperties) = preSolution
		HideSolutionNode = FALSE
	EndGlobalSection
	GlobalSection(ExtensibilityGlobals) = postSolution
		SolutionGuid = {F2952E31-3BAA-4370-B61F-E851A9E66E90}
	EndGlobalSection
EndGlobal
